
Microsoft Visual Studio Solution File, Format Version 12.00
# Visual Studio 15
VisualStudioVersion = 15.0.27130.2027
MinimumVisualStudioVersion = 10.0.40219.1
Project("{8BC9CEB8-8B4A-11D0-8D11-00A0C91BC942}") = "TestGit", "TestGit\TestGit.vcxproj", "{82E9A627-8A2D-4511-B062-8C1614FFA25B}"
EndProject
Global
	GlobalSection(SolutionConfigurationPlatforms) = preSolution
		Debug|x64 = Debug|x64
		Debug|x86 = Debug|x86
		Release|x64 = Release|x64
		Release|x86 = Release|x86
	EndGlobalSection
	GlobalSection(ProjectConfigurationPlatforms) = postSolution
		{82E9A627-8A2D-4511-B062-8C1614FFA25B}.Debug|x64.ActiveCfg = Debug|x64
		{82E9A627-8A2D-4511-B062-8C1614FFA25B}.Debug|x64.Build.0 = Debug|x64
		{82E9A627-8A2D-4511-B062-8C1614FFA25B}.Debug|x86.ActiveCfg = Debug|Win32
		{82E9A627-8A2D-4511-B062-8C1614FFA25B}.Debug|x86.Build.0 = Debug|Win32
		{82E9A627-8A2D-4511-B062-8C1614FFA25B}.Release|x64.ActiveCfg = Release|x64
		{82E9A627-8A2D-4511-B062-8C1614FFA25B}.Release|x64.Build.0 = Release|x64
		{82E9A627-8A2D-4511-B062-8C1614FFA25B}.Release|x86.ActiveCfg = Release|Win32
		{82E9A627-8A2D-4511-B062-8C1614FFA25B}.Release|x86.Build.0 = Release|Win32
	EndGlobalSection
	GlobalSection(SolutionProperties) = preSolution
		HideSolutionNode = FALSE
	EndGlobalSection
	GlobalSection(ExtensibilityGlobals) = postSolution
		SolutionGuid = {481FA2BF-0CB6-46A8-88A5-127CE4EB0F6A}
	EndGlobalSection
EndGlobal
